
Microsoft Visual Studio Solution File, Format Version 12.00
Project("{2150E333-8FDC-42A3-9474-1A3956D46DE8}") = "src", "src", "{AAD994F2-EFD4-4C11-981C-74133ACB90B8}"
EndProject
Project("{2150E333-8FDC-42A3-9474-1A3956D46DE8}") = "tests", "tests", "{95411622-85F9-4390-A05A-1C25B3491B71}"
EndProject
Project("{FAE04EC0-301F-11D3-BF4B-00C04F79EFBC}") = "Filesystem", "Filesystem\Filesystem.csproj", "{E5361911-0A7B-4C5B-83A5-1ABF3C862525}"
EndProject
Project("{FAE04EC0-301F-11D3-BF4B-00C04F79EFBC}") = "Filesystem.Tests", "Filesystem.Tests\Filesystem.Tests.csproj", "{7602179E-D10B-496C-8D81-CD936270DC21}"
EndProject
Global
	GlobalSection(SolutionConfigurationPlatforms) = preSolution
		Debug|Any CPU = Debug|Any CPU
		Release|Any CPU = Release|Any CPU
	EndGlobalSection
	GlobalSection(NestedProjects) = preSolution
		{E5361911-0A7B-4C5B-83A5-1ABF3C862525} = {AAD994F2-EFD4-4C11-981C-74133ACB90B8}
		{7602179E-D10B-496C-8D81-CD936270DC21} = {95411622-85F9-4390-A05A-1C25B3491B71}
	EndGlobalSection
	GlobalSection(ProjectConfigurationPlatforms) = postSolution
		{E5361911-0A7B-4C5B-83A5-1ABF3C862525}.Debug|Any CPU.ActiveCfg = Debug|Any CPU
		{E5361911-0A7B-4C5B-83A5-1ABF3C862525}.Debug|Any CPU.Build.0 = Debug|Any CPU
		{E5361911-0A7B-4C5B-83A5-1ABF3C862525}.Release|Any CPU.ActiveCfg = Release|Any CPU
		{E5361911-0A7B-4C5B-83A5-1ABF3C862525}.Release|Any CPU.Build.0 = Release|Any CPU
		{7602179E-D10B-496C-8D81-CD936270DC21}.Debug|Any CPU.ActiveCfg = Debug|Any CPU
		{7602179E-D10B-496C-8D81-CD936270DC21}.Debug|Any CPU.Build.0 = Debug|Any CPU
		{7602179E-D10B-496C-8D81-CD936270DC21}.Release|Any CPU.ActiveCfg = Release|Any CPU
		{7602179E-D10B-496C-8D81-CD936270DC21}.Release|Any CPU.Build.0 = Release|Any CPU
	EndGlobalSection
EndGlobal
